{
  "name": "mwaeckerlin",
  "version": "1.0.0",
  "lockfileVersion": 3,
  "requires": true,
  "packages": {
    "": {
      "name": "mwaeckerlin",
      "version": "1.0.0",
      "workspaces": [
        "./allow-write-access",
        "./build",
        "./langgraph-agent",
        "./lizardfs-client",
        "./mailservice",
        "./nextcloud",
        "./nginx",
        "./openclaw",
        "./nodejs",
        "./nodejs-build",
        "./php-fpm",
        "./pico-httpd",
        "./python",
        "./python-build",
        "./scratch",
        "./ubuntu-base",
        "./very-base",
        "./vscode",
        "./wordpress",
        "./wordpress/nginx",
        "./wordpress/php-fpm"
      ]
    },
    "allow-write-access": {
      "name": "@mwaeckerlin/allow-write-access",
      "version": "1.0.0"
    },
    "build": {
      "name": "@mwaeckerlin/build",
      "version": "1.0.0"
    },
    "langgraph-agent": {
      "version": "1.0.0"
    },
    "lizardfs-client": {
      "version": "1.0.0"
    },
    "mailservice": {
      "name": "@mwaeckerlin/mailservice",
      "version": "1.0.0"
    },
    "nextcloud": {
      "name": "@mwaeckerlin/nextcloud",
      "version": "1.0.0"
    },
    "nginx": {
      "name": "@mwaeckerlin/nginx",
      "version": "1.0.0"
    },
    "node_modules/@mwaeckerlin/allow-write-access": {
      "resolved": "allow-write-access",
      "link": true
    },
    "node_modules/@mwaeckerlin/build": {
      "resolved": "build",
      "link": true
    },
    "node_modules/@mwaeckerlin/langgraph-agent": {
      "resolved": "langgraph-agent",
      "link": true
    },
    "node_modules/@mwaeckerlin/lizardfs-client": {
      "resolved": "lizardfs-client",
      "link": true
    },
    "node_modules/@mwaeckerlin/mailservice": {
      "resolved": "mailservice",
      "link": true
    },
    "node_modules/@mwaeckerlin/nextcloud": {
      "resolved": "nextcloud",
      "link": true
    },
    "node_modules/@mwaeckerlin/nginx": {
      "resolved": "nginx",
      "link": true
    },
    "node_modules/@mwaeckerlin/nodejs": {
      "resolved": "nodejs",
      "link": true
    },
    "node_modules/@mwaeckerlin/nodejs-build": {
      "resolved": "nodejs-build",
      "link": true
    },
    "node_modules/@mwaeckerlin/openclaw": {
      "resolved": "openclaw",
      "link": true
    },
    "node_modules/@mwaeckerlin/php-fpm": {
      "resolved": "php-fpm",
      "link": true
    },
    "node_modules/@mwaeckerlin/pico-httpd": {
      "resolved": "pico-httpd",
      "link": true
    },
    "node_modules/@mwaeckerlin/python": {
      "resolved": "python",
      "link": true
    },
    "node_modules/@mwaeckerlin/python-build": {
      "resolved": "python-build",
      "link": true
    },
    "node_modules/@mwaeckerlin/scratch": {
      "resolved": "scratch",
      "link": true
    },
    "node_modules/@mwaeckerlin/ubuntu-base": {
      "resolved": "ubuntu-base",
      "link": true
    },
    "node_modules/@mwaeckerlin/very-base": {
      "resolved": "very-base",
      "link": true
    },
    "node_modules/@mwaeckerlin/vscode": {
      "resolved": "vscode",
      "link": true
    },
    "node_modules/@mwaeckerlin/wordpress": {
      "resolved": "wordpress",
      "link": true
    },
    "node_modules/@mwaeckerlin/wordpress-nginx": {
      "resolved": "wordpress/nginx",
      "link": true
    },
    "node_modules/@mwaeckerlin/wordpress-php-fpm": {
      "resolved": "wordpress/php-fpm",
      "link": true
    },
    "nodejs": {
      "version": "1.0.0"
    },
    "nodejs-build": {
      "name": "@mwaeckerlin/nodejs-build",
      "version": "1.0.0"
    },
    "openclaw": {
      "version": "1.0.0"
    },
    "php-fpm": {
      "name": "@mwaeckerlin/php-fpm",
      "version": "1.0.0"
    },
    "pico-httpd": {
      "name": "@mwaeckerlin/pico-httpd",
      "version": "1.0.0"
    },
    "python": {
      "version": "1.0.0"
    },
    "python-build": {
      "version": "1.0.0"
    },
    "scratch": {
      "name": "@mwaeckerlin/scratch",
      "version": "1.0.0"
    },
    "ubuntu-base": {
      "version": "1.0.0"
    },
    "very-base": {
      "name": "@mwaeckerlin/very-base",
      "version": "1.0.0"
    },
    "vscode": {
      "version": "1.0.0"
    },
    "wordpress": {
      "name": "@mwaeckerlin/wordpress",
      "workspaces": [
        "nginx",
        "php-fpm"
      ]
    },
    "wordpress/nginx": {
      "name": "@mwaeckerlin/wordpress-nginx",
      "version": "1.0.0"
    },
    "wordpress/php-fpm": {
      "name": "@mwaeckerlin/wordpress-php-fpm",
      "version": "1.0.0"
    }
  }
}
