{
  "name": "mwaeckerlin",
  "version": "1.0.0",
  "lockfileVersion": 3,
  "requires": true,
  "packages": {
    "": {
      "name": "mwaeckerlin",
      "version": "1.0.0",
      "workspaces": [
        "./allow-write-access",
        "./build",
        "./mailservice",
        "./nextcloud",
        "./nginx",
        "./nodejs-build",
        "./php-fpm",
        "./pico-httpd",
        "./scratch",
        "./very-base",
        "./wordpress",
        "./wordpress/nginx",
        "./wordpress/php-fpm"
      ]
    },
    "allow-write-access": {
      "name": "@mwaeckerlin/allow-write-access",
      "version": "1.0.0"
    },
    "build": {
      "version": "1.0.0"
    },
    "mailservice": {
      "name": "@mwaeckerlin/mailservice",
      "version": "1.0.0"
    },
    "nextcloud": {
      "version": "1.0.0"
    },
    "nginx": {
      "name": "@mwaeckerlin/nginx",
      "version": "1.0.0"
    },
    "node_modules/@mwaeckerlin/allow-write-access": {
      "resolved": "allow-write-access",
      "link": true
    },
    "node_modules/@mwaeckerlin/build": {
      "resolved": "build",
      "link": true
    },
    "node_modules/@mwaeckerlin/mailservice": {
      "resolved": "mailservice",
      "link": true
    },
    "node_modules/@mwaeckerlin/nextcloud": {
      "resolved": "nextcloud",
      "link": true
    },
    "node_modules/@mwaeckerlin/nginx": {
      "resolved": "nginx",
      "link": true
    },
    "node_modules/@mwaeckerlin/nodejs-build": {
      "resolved": "nodejs-build",
      "link": true
    },
    "node_modules/@mwaeckerlin/php-fpm": {
      "resolved": "php-fpm",
      "link": true
    },
    "node_modules/@mwaeckerlin/pico-httpd": {
      "resolved": "pico-httpd",
      "link": true
    },
    "node_modules/@mwaeckerlin/scratch": {
      "resolved": "scratch",
      "link": true
    },
    "node_modules/@mwaeckerlin/very-base": {
      "resolved": "very-base",
      "link": true
    },
    "node_modules/@mwaeckerlin/wordpress": {
      "resolved": "wordpress",
      "link": true
    },
    "node_modules/@mwaeckerlin/wordpress-nginx": {
      "resolved": "wordpress/nginx",
      "link": true
    },
    "node_modules/@mwaeckerlin/wordpress-php-fpm": {
      "resolved": "wordpress/php-fpm",
      "link": true
    },
    "nodejs-build": {
      "version": "1.0.0"
    },
    "php-fpm": {
      "name": "@mwaeckerlin/php-fpm",
      "version": "1.0.0"
    },
    "pico-httpd": {
      "name": "@mwaeckerlin/pico-httpd",
      "version": "1.0.0"
    },
    "scratch": {
      "version": "1.0.0"
    },
    "very-base": {
      "version": "1.0.0"
    },
    "wordpress": {
      "name": "@mwaeckerlin/wordpress",
      "workspaces": [
        "nginx",
        "php-fpm"
      ]
    },
    "wordpress/nginx": {
      "version": "1.0.0"
    },
    "wordpress/php-fpm": {
      "version": "1.0.0"
    }
  }
}
